# THIS IS AN AUTOGENERATED FILE. DO NOT EDIT THIS FILE DIRECTLY.
# yarn lockfile v1


"@sinonjs/commons@^1", "@sinonjs/commons@^1.0.2", "@sinonjs/commons@^1.3.0", "@sinonjs/commons@^1.7.0":
  "integrity" "sha512-wEj54PfsZ5jGSwMX68G8ZXFawcSglQSXqCftWX3ec8MDUzQdHgcKvw97awHbY0efQEL5iKUOAmmVtoYgmrSG4Q=="
  "resolved" "https://registry.npmjs.org/@sinonjs/commons/-/commons-1.8.0.tgz"
  "version" "1.8.0"
  dependencies:
    "type-detect" "4.0.8"

"@sinonjs/formatio@^3.0.0", "@sinonjs/formatio@^3.2.1":
  "integrity" "sha512-B8SEsgd8gArBLMD6zpRw3juQ2FVSsmdd7qlevyDqzS9WTCtvF55/gAL+h6gue8ZvPYcdiPdvueM/qm//9XzyTQ=="
  "resolved" "https://registry.npmjs.org/@sinonjs/formatio/-/formatio-3.2.2.tgz"
  "version" "3.2.2"
  dependencies:
    "@sinonjs/commons" "^1"
    "@sinonjs/samsam" "^3.1.0"

"@sinonjs/samsam@^2.1.2":
  "integrity" "sha512-8zNeBkSKhU9a5cRNbpCKau2WWPfan+Q2zDlcXvXyhn9EsMqgYs4qzo0XHNVlXC6ABQL8fT6nV+zzo5RTHJzyXw=="
  "resolved" "https://registry.npmjs.org/@sinonjs/samsam/-/samsam-2.1.3.tgz"
  "version" "2.1.3"

"@sinonjs/samsam@^3.1.0":
  "integrity" "sha512-bKCMKZvWIjYD0BLGnNrxVuw4dkWCYsLqFOUWw8VgKF/+5Y+mE7LfHWPIYoDXowH+3a9LsWDMo0uAP8YDosPvHQ=="
  "resolved" "https://registry.npmjs.org/@sinonjs/samsam/-/samsam-3.3.3.tgz"
  "version" "3.3.3"
  dependencies:
    "@sinonjs/commons" "^1.3.0"
    "array-from" "^2.1.1"
    "lodash" "^4.17.15"

"@sinonjs/text-encoding@^0.7.1":
  "integrity" "sha512-+iTbntw2IZPb/anVDbypzfQa+ay64MW0Zo8aJ8gZPWMMK6/OubMVb6lUPMagqjOPnmtauXnFCACVl3O7ogjeqQ=="
  "resolved" "https://registry.npmjs.org/@sinonjs/text-encoding/-/text-encoding-0.7.1.tgz"
  "version" "0.7.1"

"@types/sinon@^5.0.1":
  "integrity" "sha512-yxzBCIjE3lp9lYjfBbIK/LRCoXgCLLbIIBIje7eNCcUIIR2CZZtyX5uto2hVoMSMqLrsRrT6mwwUEd0yFgOwpA=="
  "resolved" "https://registry.npmjs.org/@types/sinon/-/sinon-5.0.1.tgz"
  "version" "5.0.1"

"array-from@^2.1.1":
  "integrity" "sha1-z+nYwmYoudxa7MYqn12PHzUsEZU="
  "resolved" "https://registry.npmjs.org/array-from/-/array-from-2.1.1.tgz"
  "version" "2.1.1"

"axios@^0.21.2":
  "integrity" "sha512-87otirqUw3e8CzHTMO+/9kh/FSgXt/eVDvipijwDtEuwbkySWZ9SBm6VEubmJ/kLKEoLQV/POhxXFb66bfekfg=="
  "resolved" "https://registry.npmjs.org/axios/-/axios-0.21.2.tgz"
  "version" "0.21.2"
  dependencies:
    "follow-redirects" "^1.14.0"

"buffer-crc32@~0.2.3":
  "integrity" "sha1-DTM+PwDqxQqhRUq9MO+MKl2ackI="
  "resolved" "https://registry.npmjs.org/buffer-crc32/-/buffer-crc32-0.2.13.tgz"
  "version" "0.2.13"

"diff@^3.5.0":
  "integrity" "sha512-A46qtFgd+g7pDZinpnwiRJtxbC1hpgf0uzP3iG89scHk0AUC7A1TGxf5OiiOUv/JMZR8GOt8hL900hV0bOy5xA=="
  "resolved" "https://registry.npmjs.org/diff/-/diff-3.5.0.tgz"
  "version" "3.5.0"

"fd-slicer@~1.1.0":
  "integrity" "sha1-JcfInLH5B3+IkbvmHY85Dq4lbx4="
  "resolved" "https://registry.npmjs.org/fd-slicer/-/fd-slicer-1.1.0.tgz"
  "version" "1.1.0"
  dependencies:
    "pend" "~1.2.0"

"follow-redirects@^1.14.0":
  "integrity" "sha512-3MkHxknWMUtb23apkgz/83fDoe+y+qr0TdgacGIA7bew+QLBo3vdgEN2xEsuXNivpFy4CyDhBBZnNZOtalmenw=="
  "resolved" "https://registry.npmjs.org/follow-redirects/-/follow-redirects-1.14.3.tgz"
  "version" "1.14.3"

"font-finder@^1.0.3", "font-finder@^1.1.0":
  "integrity" "sha512-wpCL2uIbi6GurJbU7ZlQ3nGd61Ho+dSU6U83/xJT5UPFfN35EeCW/rOtS+5k+IuEZu2SYmHzDIPL9eA5tSYRAw=="
  "resolved" "https://registry.npmjs.org/font-finder/-/font-finder-1.1.0.tgz"
  "version" "1.1.0"
  dependencies:
    "get-system-fonts" "^2.0.0"
    "promise-stream-reader" "^1.0.1"

"font-ligatures@^1.4.0":
  "integrity" "sha512-n7DFnnEpJ0NrVoLqZIL4tMGVs+CnFwQc92m80LWyrbgAFO4x234+t2/H9o4eOYA1eh6ta9dZAEEsJAwsBdNezA=="
  "resolved" "https://registry.npmjs.org/font-ligatures/-/font-ligatures-1.4.0.tgz"
  "version" "1.4.0"
  dependencies:
    "font-finder" "^1.0.3"
    "lru-cache" "^6.0.0"
    "opentype.js" "^0.8.0"

"get-system-fonts@^2.0.0":
  "integrity" "sha512-iiM/DavyF2nnLdELzPBSHojzQJVai9WiwrRzn5gp2dutJuerC8qHyBoh4lxfVdKGbnb9eZ4p8Oefbuc3yExB7Q=="
  "resolved" "https://registry.npmjs.org/get-system-fonts/-/get-system-fonts-2.0.0.tgz"
  "version" "2.0.0"

"has-flag@^3.0.0":
  "integrity" "sha1-tdRU3CGZriJWmfNGfloH87lVuv0="
  "resolved" "https://registry.npmjs.org/has-flag/-/has-flag-3.0.0.tgz"
  "version" "3.0.0"

"isarray@0.0.1":
  "integrity" "sha1-ihis/Kmo9Bd+Cav8YDiTmwXR7t8="
  "resolved" "https://registry.npmjs.org/isarray/-/isarray-0.0.1.tgz"
  "version" "0.0.1"

"just-extend@^4.0.2":
  "integrity" "sha512-ApcjaOdVTJ7y4r08xI5wIqpvwS48Q0PBG4DJROcEkH1f8MdAiNFyFxz3xoL0LWAVwjrwPYZdVHHxhRHcx/uGLA=="
  "resolved" "https://registry.npmjs.org/just-extend/-/just-extend-4.1.0.tgz"
  "version" "4.1.0"

"lodash.get@^4.4.2":
  "integrity" "sha1-LRd/ZS+jHpObRDjVNBSZ36OCXpk="
  "resolved" "https://registry.npmjs.org/lodash.get/-/lodash.get-4.4.2.tgz"
  "version" "4.4.2"

"lodash@^4.17.15":
  "integrity" "sha512-v2kDEe57lecTulaDIuNTPy3Ry4gLGJ6Z1O3vE1krgXZNrsQ+LFTGHVxVjcXPs17LhbZVGedAJv8XZ1tvj5FvSg=="
  "resolved" "https://registry.npmjs.org/lodash/-/lodash-4.17.21.tgz"
  "version" "4.17.21"

"lolex@^2.7.5":
  "integrity" "sha512-l9x0+1offnKKIzYVjyXU2SiwhXDLekRzKyhnbyldPHvC7BvLPVpdNUNR2KeMAiCN2D/kLNttZgQD5WjSxuBx3Q=="
  "resolved" "https://registry.npmjs.org/lolex/-/lolex-2.7.5.tgz"
  "version" "2.7.5"

"lolex@^5.0.1":
  "integrity" "sha512-h4hmjAvHTmd+25JSwrtTIuwbKdwg5NzZVRMLn9saij4SZaepCrTCxPr35H/3bjwfMJtN+t3CX8672UIkglz28A=="
  "resolved" "https://registry.npmjs.org/lolex/-/lolex-5.1.2.tgz"
  "version" "5.1.2"
  dependencies:
    "@sinonjs/commons" "^1.7.0"

"lru-cache@^6.0.0":
  "integrity" "sha512-Jo6dJ04CmSjuznwJSS3pUeWmd/H0ffTlkXXgwZi+eq1UCmqQwCh+eLsYOYCwY991i2Fah4h1BEMCx4qThGbsiA=="
  "resolved" "https://registry.npmjs.org/lru-cache/-/lru-cache-6.0.0.tgz"
  "version" "6.0.0"
  dependencies:
    "yallist" "^4.0.0"

"minimist@^1.2.5":
  "integrity" "sha512-FM9nNUYrRBAELZQT3xeZQ7fmMOBg6nWNmJKTcgsJeaLstP/UODVpGsr5OhXhhXg6f+qtJ8uiZ+PUxkDWcgIXLw=="
  "resolved" "https://registry.npmjs.org/minimist/-/minimist-1.2.5.tgz"
  "version" "1.2.5"

"mkdirp@0.5.5":
  "integrity" "sha512-NKmAlESf6jMGym1++R0Ra7wvhV+wFW63FaSOFPwRahvea0gMUcGUhVeAg/0BC0wiv9ih5NYPB1Wn1UEI1/L+xQ=="
  "resolved" "https://registry.npmjs.org/mkdirp/-/mkdirp-0.5.5.tgz"
  "version" "0.5.5"
  dependencies:
    "minimist" "^1.2.5"

"nise@^1.4.5":
  "integrity" "sha512-Ymbac/94xeIrMf59REBPOv0thr+CJVFMhrlAkW/gjCIE58BGQdCj0x7KRCb3yz+Ga2Rz3E9XXSvUyyxqqhjQAQ=="
  "resolved" "https://registry.npmjs.org/nise/-/nise-1.5.3.tgz"
  "version" "1.5.3"
  dependencies:
    "@sinonjs/formatio" "^3.2.1"
    "@sinonjs/text-encoding" "^0.7.1"
    "just-extend" "^4.0.2"
    "lolex" "^5.0.1"
    "path-to-regexp" "^1.7.0"

"opentype.js@^0.8.0":
  "integrity" "sha1-rKvPoWQvvolKPk11nkO6aU4CvTU="
  "resolved" "https://registry.npmjs.org/opentype.js/-/opentype.js-0.8.0.tgz"
  "version" "0.8.0"
  dependencies:
    "tiny-inflate" "^1.0.2"

"path-to-regexp@^1.7.0":
  "integrity" "sha1-Wf3g9DW62suhA6hOnTvGTpa5k30="
  "resolved" "https://registry.npmjs.org/path-to-regexp/-/path-to-regexp-1.7.0.tgz"
  "version" "1.7.0"
  dependencies:
    "isarray" "0.0.1"

"pend@~1.2.0":
  "integrity" "sha1-elfrVQpng/kRUzH89GY9XI4AelA="
  "resolved" "https://registry.npmjs.org/pend/-/pend-1.2.0.tgz"
  "version" "1.2.0"

"promise-stream-reader@^1.0.1":
  "integrity" "sha512-Tnxit5trUjBAqqZCGWwjyxhmgMN4hGrtpW3Oc/tRI4bpm/O2+ej72BB08l6JBnGQgVDGCLvHFGjGgQS6vzhwXg=="
  "resolved" "https://registry.npmjs.org/promise-stream-reader/-/promise-stream-reader-1.0.1.tgz"
  "version" "1.0.1"

"sinon@6.3.5":
  "integrity" "sha512-xgoZ2gKjyVRcF08RrIQc+srnSyY1JDJtxu3Nsz07j1ffjgXoY6uPLf/qja6nDBZgzYYEovVkFryw2+KiZz11xQ=="
  "resolved" "https://registry.npmjs.org/sinon/-/sinon-6.3.5.tgz"
  "version" "6.3.5"
  dependencies:
    "@sinonjs/commons" "^1.0.2"
    "@sinonjs/formatio" "^3.0.0"
    "@sinonjs/samsam" "^2.1.2"
    "diff" "^3.5.0"
    "lodash.get" "^4.4.2"
    "lolex" "^2.7.5"
    "nise" "^1.4.5"
    "supports-color" "^5.5.0"
    "type-detect" "^4.0.8"

"supports-color@^5.5.0":
  "integrity" "sha512-QjVjwdXIt408MIiAqCX4oUKsgU2EqAGzs2Ppkm4aQYbjm+ZEWEcW4SfFNTr4uMNZma0ey4f5lgLrkB0aX0QMow=="
  "resolved" "https://registry.npmjs.org/supports-color/-/supports-color-5.5.0.tgz"
  "version" "5.5.0"
  dependencies:
    "has-flag" "^3.0.0"

"tiny-inflate@^1.0.2":
  "integrity" "sha1-k9nez/yIBb1X6uQxDwt0Xptvs6c="
  "resolved" "https://registry.npmjs.org/tiny-inflate/-/tiny-inflate-1.0.2.tgz"
  "version" "1.0.2"

"type-detect@^4.0.8", "type-detect@4.0.8":
  "integrity" "sha512-0fr/mIH1dlO+x7TlcMy+bIDqKPsw/70tVyeHW787goQjhmqaZe10uwLujubK9q9Lg6Fiho1KUKDYz0Z7k7g5/g=="
  "resolved" "https://registry.npmjs.org/type-detect/-/type-detect-4.0.8.tgz"
  "version" "4.0.8"

"xterm@^4.0.0":
  "integrity" "sha512-nAbuigL9CYkI075mdfqpnB8cHZNKxENCj1CQ9Tm5gSvWkMtkanmRN2mkHGjSaET1/3+X9BqISFFo7Pd2mXVjiQ=="
  "resolved" "https://registry.npmjs.org/xterm/-/xterm-4.16.0.tgz"
  "version" "4.16.0"

"yallist@^4.0.0":
  "integrity" "sha512-3wdGidZyq5PB084XLES5TpOSRA3wjXAlIWMhum2kRcv/41Sn2emQ0dycQW4uZXLejwKvg6EsvbdlVL+FYEct7A=="
  "resolved" "https://registry.npmjs.org/yallist/-/yallist-4.0.0.tgz"
  "version" "4.0.0"

"yauzl@^2.10.0":
  "integrity" "sha1-x+sXyT4RLLEIb6bY5R+wZnt5pfk="
  "resolved" "https://registry.npmjs.org/yauzl/-/yauzl-2.10.0.tgz"
  "version" "2.10.0"
  dependencies:
    "buffer-crc32" "~0.2.3"
    "fd-slicer" "~1.1.0"
